
Microsoft Visual Studio Solution File, Format Version 12.00
# Visual Studio Version 17
VisualStudioVersion = 17.7.34031.279
MinimumVisualStudioVersion = 10.0.40219.1
Project("{FAE04EC0-301F-11D3-BF4B-00C04F79EFBC}") = "ConsoleApp13", "ConsoleApp13\ConsoleApp13.csproj", "{8456664D-6307-416B-96E6-91AC54AD4A25}"
EndProject
Project("{FAE04EC0-301F-11D3-BF4B-00C04F79EFBC}") = "Projekti_Za_Vezbanje", "Projekti_Za_Vezbanje\Projekti_Za_Vezbanje.csproj", "{95DA8FD4-34D1-432A-8798-9A3152C53CEB}"
EndProject
Global
	GlobalSection(SolutionConfigurationPlatforms) = preSolution
		Debug|Any CPU = Debug|Any CPU
		Release|Any CPU = Release|Any CPU
	EndGlobalSection
	GlobalSection(ProjectConfigurationPlatforms) = postSolution
		{8456664D-6307-416B-96E6-91AC54AD4A25}.Debug|Any CPU.ActiveCfg = Debug|Any CPU
		{8456664D-6307-416B-96E6-91AC54AD4A25}.Debug|Any CPU.Build.0 = Debug|Any CPU
		{8456664D-6307-416B-96E6-91AC54AD4A25}.Release|Any CPU.ActiveCfg = Release|Any CPU
		{8456664D-6307-416B-96E6-91AC54AD4A25}.Release|Any CPU.Build.0 = Release|Any CPU
		{95DA8FD4-34D1-432A-8798-9A3152C53CEB}.Debug|Any CPU.ActiveCfg = Debug|Any CPU
		{95DA8FD4-34D1-432A-8798-9A3152C53CEB}.Debug|Any CPU.Build.0 = Debug|Any CPU
		{95DA8FD4-34D1-432A-8798-9A3152C53CEB}.Release|Any CPU.ActiveCfg = Release|Any CPU
		{95DA8FD4-34D1-432A-8798-9A3152C53CEB}.Release|Any CPU.Build.0 = Release|Any CPU
	EndGlobalSection
	GlobalSection(SolutionProperties) = preSolution
		HideSolutionNode = FALSE
	EndGlobalSection
	GlobalSection(ExtensibilityGlobals) = postSolution
		SolutionGuid = {3D6DCA71-A174-4994-BA86-8307B82926CA}
	EndGlobalSection
EndGlobal
